
Microsoft Visual Studio Solution File, Format Version 12.00
# Visual Studio Version 17
VisualStudioVersion = 17.5.33424.131
MinimumVisualStudioVersion = 10.0.40219.1
Project("{FAE04EC0-301F-11D3-BF4B-00C04F79EFBC}") = "InclusiPlay", "InclusiPlay\InclusiPlay.csproj", "{EB98FE4F-E58B-48F2-96F8-B0939049D30D}"
EndProject
Global
	GlobalSection(SolutionConfigurationPlatforms) = preSolution
		Debug|Any CPU = Debug|Any CPU
		Release|Any CPU = Release|Any CPU
	EndGlobalSection
	GlobalSection(ProjectConfigurationPlatforms) = postSolution
		{EB98FE4F-E58B-48F2-96F8-B0939049D30D}.Debug|Any CPU.ActiveCfg = Debug|Any CPU
		{EB98FE4F-E58B-48F2-96F8-B0939049D30D}.Debug|Any CPU.Build.0 = Debug|Any CPU
		{EB98FE4F-E58B-48F2-96F8-B0939049D30D}.Release|Any CPU.ActiveCfg = Release|Any CPU
		{EB98FE4F-E58B-48F2-96F8-B0939049D30D}.Release|Any CPU.Build.0 = Release|Any CPU
	EndGlobalSection
	GlobalSection(SolutionProperties) = preSolution
		HideSolutionNode = FALSE
	EndGlobalSection
	GlobalSection(ExtensibilityGlobals) = postSolution
		SolutionGuid = {96CDFEA1-73CC-4CDB-9D89-0FAFF9D04940}
	EndGlobalSection
EndGlobal
